// !$*UTF8*$!
{
	archiveVersion = 1;
	classes = {
	};
	objectVersion = 56;
	objects = {

/* Begin PBXBuildFile section */
		698C4E7C2A64FE5E0062ED55 /* UberCloneApp.swift in Sources */ = {isa = PBXBuildFile; fileRef = 698C4E7B2A64FE5E0062ED55 /* UberCloneApp.swift */; };
		698C4E802A64FE5F0062ED55 /* Assets.xcassets in Resources */ = {isa = PBXBuildFile; fileRef = 698C4E7F2A64FE5F0062ED55 /* Assets.xcassets */; };
		698C4E832A64FE5F0062ED55 /* Preview Assets.xcassets in Resources */ = {isa = PBXBuildFile; fileRef = 698C4E822A64FE5F0062ED55 /* Preview Assets.xcassets */; };
		698C4E932A64FF580062ED55 /* HomeView.swift in Sources */ = {isa = PBXBuildFile; fileRef = 698C4E922A64FF580062ED55 /* HomeView.swift */; };
		698C4E952A64FFB80062ED55 /* UberMapViewRepresentable.swift in Sources */ = {isa = PBXBuildFile; fileRef = 698C4E942A64FFB80062ED55 /* UberMapViewRepresentable.swift */; };
		698C4E972A6507480062ED55 /* LocationManager.swift in Sources */ = {isa = PBXBuildFile; fileRef = 698C4E962A6507480062ED55 /* LocationManager.swift */; };
		698C4E9D2A651CF90062ED55 /* LocationSearchActivationView.swift in Sources */ = {isa = PBXBuildFile; fileRef = 698C4E9C2A651CF90062ED55 /* LocationSearchActivationView.swift */; };
		698C4EA02A6521D30062ED55 /* MapViewActionButton.swift in Sources */ = {isa = PBXBuildFile; fileRef = 698C4E9F2A6521D30062ED55 /* MapViewActionButton.swift */; };
		698C4EA22A6523950062ED55 /* LocationSearchView.swift in Sources */ = {isa = PBXBuildFile; fileRef = 698C4EA12A6523950062ED55 /* LocationSearchView.swift */; };
		698C4EA42A6528180062ED55 /* LocationSearchResultCell.swift in Sources */ = {isa = PBXBuildFile; fileRef = 698C4EA32A6528180062ED55 /* LocationSearchResultCell.swift */; };
		698C4EA62A6547570062ED55 /* LocationSearchViewModel.swift in Sources */ = {isa = PBXBuildFile; fileRef = 698C4EA52A6547570062ED55 /* LocationSearchViewModel.swift */; };
		698C4EA82A66845C0062ED55 /* MapViewState.swift in Sources */ = {isa = PBXBuildFile; fileRef = 698C4EA72A66845C0062ED55 /* MapViewState.swift */; };
		698C4EAB2A6698C80062ED55 /* RideRequestView.swift in Sources */ = {isa = PBXBuildFile; fileRef = 698C4EAA2A6698C80062ED55 /* RideRequestView.swift */; };
		698C4EAD2A6791D30062ED55 /* RideType.swift in Sources */ = {isa = PBXBuildFile; fileRef = 698C4EAC2A6791D30062ED55 /* RideType.swift */; };
		698C4EAF2A67EF760062ED55 /* Double.swift in Sources */ = {isa = PBXBuildFile; fileRef = 698C4EAE2A67EF760062ED55 /* Double.swift */; };
		698C4EB12A680BE10062ED55 /* UberLocation.swift in Sources */ = {isa = PBXBuildFile; fileRef = 698C4EB02A680BE10062ED55 /* UberLocation.swift */; };
		698C4EB32A68E8130062ED55 /* Color.swift in Sources */ = {isa = PBXBuildFile; fileRef = 698C4EB22A68E8130062ED55 /* Color.swift */; };
/* End PBXBuildFile section */

/* Begin PBXFileReference section */
		698C4E782A64FE5E0062ED55 /* UberClone.app */ = {isa = PBXFileReference; explicitFileType = wrapper.application; includeInIndex = 0; path = UberClone.app; sourceTree = BUILT_PRODUCTS_DIR; };
		698C4E7B2A64FE5E0062ED55 /* UberCloneApp.swift */ = {isa = PBXFileReference; lastKnownFileType = sourcecode.swift; path = UberCloneApp.swift; sourceTree = "<group>"; };
		698C4E7F2A64FE5F0062ED55 /* Assets.xcassets */ = {isa = PBXFileReference; lastKnownFileType = folder.assetcatalog; path = Assets.xcassets; sourceTree = "<group>"; };
		698C4E822A64FE5F0062ED55 /* Preview Assets.xcassets */ = {isa = PBXFileReference; lastKnownFileType = folder.assetcatalog; path = "Preview Assets.xcassets"; sourceTree = "<group>"; };
		698C4E922A64FF580062ED55 /* HomeView.swift */ = {isa = PBXFileReference; lastKnownFileType = sourcecode.swift; path = HomeView.swift; sourceTree = "<group>"; };
		698C4E942A64FFB80062ED55 /* UberMapViewRepresentable.swift */ = {isa = PBXFileReference; lastKnownFileType = sourcecode.swift; path = UberMapViewRepresentable.swift; sourceTree = "<group>"; };
		698C4E962A6507480062ED55 /* LocationManager.swift */ = {isa = PBXFileReference; lastKnownFileType = sourcecode.swift; path = LocationManager.swift; sourceTree = "<group>"; };
		698C4E9C2A651CF90062ED55 /* LocationSearchActivationView.swift */ = {isa = PBXFileReference; lastKnownFileType = sourcecode.swift; path = LocationSearchActivationView.swift; sourceTree = "<group>"; };
		698C4E9F2A6521D30062ED55 /* MapViewActionButton.swift */ = {isa = PBXFileReference; lastKnownFileType = sourcecode.swift; path = MapViewActionButton.swift; sourceTree = "<group>"; };
		698C4EA12A6523950062ED55 /* LocationSearchView.swift */ = {isa = PBXFileReference; lastKnownFileType = sourcecode.swift; path = LocationSearchView.swift; sourceTree = "<group>"; };
		698C4EA32A6528180062ED55 /* LocationSearchResultCell.swift */ = {isa = PBXFileReference; lastKnownFileType = sourcecode.swift; path = LocationSearchResultCell.swift; sourceTree = "<group>"; };
		698C4EA52A6547570062ED55 /* LocationSearchViewModel.swift */ = {isa = PBXFileReference; lastKnownFileType = sourcecode.swift; path = LocationSearchViewModel.swift; sourceTree = "<group>"; };
		698C4EA72A66845C0062ED55 /* MapViewState.swift */ = {isa = PBXFileReference; lastKnownFileType = sourcecode.swift; path = MapViewState.swift; sourceTree = "<group>"; };
		698C4EAA2A6698C80062ED55 /* RideRequestView.swift */ = {isa = PBXFileReference; lastKnownFileType = sourcecode.swift; path = RideRequestView.swift; sourceTree = "<group>"; };
		698C4EAC2A6791D30062ED55 /* RideType.swift */ = {isa = PBXFileReference; lastKnownFileType = sourcecode.swift; path = RideType.swift; sourceTree = "<group>"; };
		698C4EAE2A67EF760062ED55 /* Double.swift */ = {isa = PBXFileReference; lastKnownFileType = sourcecode.swift; path = Double.swift; sourceTree = "<group>"; };
		698C4EB02A680BE10062ED55 /* UberLocation.swift */ = {isa = PBXFileReference; lastKnownFileType = sourcecode.swift; path = UberLocation.swift; sourceTree = "<group>"; };
		698C4EB22A68E8130062ED55 /* Color.swift */ = {isa = PBXFileReference; lastKnownFileType = sourcecode.swift; path = Color.swift; sourceTree = "<group>"; };
/* End PBXFileReference section */

/* Begin PBXFrameworksBuildPhase section */
		698C4E752A64FE5E0062ED55 /* Frameworks */ = {
			isa = PBXFrameworksBuildPhase;
			buildActionMask = 2147483647;
			files = (
			);
			runOnlyForDeploymentPostprocessing = 0;
		};
/* End PBXFrameworksBuildPhase section */

/* Begin PBXGroup section */
		698C4E6F2A64FE5E0062ED55 = {
			isa = PBXGroup;
			children = (
				698C4E7A2A64FE5E0062ED55 /* UberClone */,
				698C4E792A64FE5E0062ED55 /* Products */,
			);
			sourceTree = "<group>";
		};
		698C4E792A64FE5E0062ED55 /* Products */ = {
			isa = PBXGroup;
			children = (
				698C4E782A64FE5E0062ED55 /* UberClone.app */,
			);
			name = Products;
			sourceTree = "<group>";
		};
		698C4E7A2A64FE5E0062ED55 /* UberClone */ = {
			isa = PBXGroup;
			children = (
				698C4E8D2A64FE860062ED55 /* App */,
				698C4E8C2A64FE830062ED55 /* Core */,
				698C4E8B2A64FE7C0062ED55 /* Extensions */,
				698C4E8A2A64FE780062ED55 /* Managers */,
				698C4E892A64FE750062ED55 /* Models */,
				698C4E7F2A64FE5F0062ED55 /* Assets.xcassets */,
				698C4E812A64FE5F0062ED55 /* Preview Content */,
			);
			path = UberClone;
			sourceTree = "<group>";
		};
		698C4E812A64FE5F0062ED55 /* Preview Content */ = {
			isa = PBXGroup;
			children = (
				698C4E822A64FE5F0062ED55 /* Preview Assets.xcassets */,
			);
			path = "Preview Content";
			sourceTree = "<group>";
		};
		698C4E892A64FE750062ED55 /* Models */ = {
			isa = PBXGroup;
			children = (
				698C4EA72A66845C0062ED55 /* MapViewState.swift */,
				698C4EAC2A6791D30062ED55 /* RideType.swift */,
				698C4EB02A680BE10062ED55 /* UberLocation.swift */,
			);
			path = Models;
			sourceTree = "<group>";
		};
		698C4E8A2A64FE780062ED55 /* Managers */ = {
			isa = PBXGroup;
			children = (
				698C4E962A6507480062ED55 /* LocationManager.swift */,
			);
			path = Managers;
			sourceTree = "<group>";
		};
		698C4E8B2A64FE7C0062ED55 /* Extensions */ = {
			isa = PBXGroup;
			children = (
				698C4EAE2A67EF760062ED55 /* Double.swift */,
				698C4EB22A68E8130062ED55 /* Color.swift */,
			);
			path = Extensions;
			sourceTree = "<group>";
		};
		698C4E8C2A64FE830062ED55 /* Core */ = {
			isa = PBXGroup;
			children = (
				698C4EA92A66985F0062ED55 /* Trips */,
				698C4E992A651C810062ED55 /* LocationSearch */,
				698C4E982A651C580062ED55 /* Home */,
			);
			path = Core;
			sourceTree = "<group>";
		};
		698C4E8D2A64FE860062ED55 /* App */ = {
			isa = PBXGroup;
			children = (
				698C4E7B2A64FE5E0062ED55 /* UberCloneApp.swift */,
			);
			path = App;
			sourceTree = "<group>";
		};
		698C4E8E2A64FE9C0062ED55 /* Views */ = {
			isa = PBXGroup;
			children = (
				698C4E922A64FF580062ED55 /* HomeView.swift */,
				698C4E942A64FFB80062ED55 /* UberMapViewRepresentable.swift */,
				698C4E9F2A6521D30062ED55 /* MapViewActionButton.swift */,
			);
			path = Views;
			sourceTree = "<group>";
		};
		698C4E8F2A64FE9F0062ED55 /* ViewModel */ = {
			isa = PBXGroup;
			children = (
			);
			path = ViewModel;
			sourceTree = "<group>";
		};
		698C4E982A651C580062ED55 /* Home */ = {
			isa = PBXGroup;
			children = (
				698C4E8F2A64FE9F0062ED55 /* ViewModel */,
				698C4E8E2A64FE9C0062ED55 /* Views */,
			);
			path = Home;
			sourceTree = "<group>";
		};
		698C4E992A651C810062ED55 /* LocationSearch */ = {
			isa = PBXGroup;
			children = (
				698C4E9B2A651CAA0062ED55 /* ViewModel */,
				698C4E9A2A651C9C0062ED55 /* Views */,
			);
			path = LocationSearch;
			sourceTree = "<group>";
		};
		698C4E9A2A651C9C0062ED55 /* Views */ = {
			isa = PBXGroup;
			children = (
				698C4E9C2A651CF90062ED55 /* LocationSearchActivationView.swift */,
				698C4EA12A6523950062ED55 /* LocationSearchView.swift */,
				698C4EA32A6528180062ED55 /* LocationSearchResultCell.swift */,
			);
			path = Views;
			sourceTree = "<group>";
		};
		698C4E9B2A651CAA0062ED55 /* ViewModel */ = {
			isa = PBXGroup;
			children = (
				698C4EA52A6547570062ED55 /* LocationSearchViewModel.swift */,
			);
			path = ViewModel;
			sourceTree = "<group>";
		};
		698C4EA92A66985F0062ED55 /* Trips */ = {
			isa = PBXGroup;
			children = (
				698C4EAA2A6698C80062ED55 /* RideRequestView.swift */,
			);
			path = Trips;
			sourceTree = "<group>";
		};
/* End PBXGroup section */

/* Begin PBXNativeTarget section */
		698C4E772A64FE5E0062ED55 /* UberClone */ = {
			isa = PBXNativeTarget;
			buildConfigurationList = 698C4E862A64FE5F0062ED55 /* Build configuration list for PBXNativeTarget "UberClone" */;
			buildPhases = (
				698C4E742A64FE5E0062ED55 /* Sources */,
				698C4E752A64FE5E0062ED55 /* Frameworks */,
				698C4E762A64FE5E0062ED55 /* Resources */,
			);
			buildRules = (
			);
			dependencies = (
			);
			name = UberClone;
			productName = UberClone;
			productReference = 698C4E782A64FE5E0062ED55 /* UberClone.app */;
			productType = "com.apple.product-type.application";
		};
/* End PBXNativeTarget section */

/* Begin PBXProject section */
		698C4E702A64FE5E0062ED55 /* Project object */ = {
			isa = PBXProject;
			attributes = {
				BuildIndependentTargetsInParallel = 1;
				LastSwiftUpdateCheck = 1420;
				LastUpgradeCheck = 1420;
				TargetAttributes = {
					698C4E772A64FE5E0062ED55 = {
						CreatedOnToolsVersion = 14.2;
					};
				};
			};
			buildConfigurationList = 698C4E732A64FE5E0062ED55 /* Build configuration list for PBXProject "UberClone" */;
			compatibilityVersion = "Xcode 14.0";
			developmentRegion = en;
			hasScannedForEncodings = 0;
			knownRegions = (
				en,
				Base,
			);
			mainGroup = 698C4E6F2A64FE5E0062ED55;
			productRefGroup = 698C4E792A64FE5E0062ED55 /* Products */;
			projectDirPath = "";
			projectRoot = "";
			targets = (
				698C4E772A64FE5E0062ED55 /* UberClone */,
			);
		};
/* End PBXProject section */

/* Begin PBXResourcesBuildPhase section */
		698C4E762A64FE5E0062ED55 /* Resources */ = {
			isa = PBXResourcesBuildPhase;
			buildActionMask = 2147483647;
			files = (
				698C4E832A64FE5F0062ED55 /* Preview Assets.xcassets in Resources */,
				698C4E802A64FE5F0062ED55 /* Assets.xcassets in Resources */,
			);
			runOnlyForDeploymentPostprocessing = 0;
		};
/* End PBXResourcesBuildPhase section */

/* Begin PBXSourcesBuildPhase section */
		698C4E742A64FE5E0062ED55 /* Sources */ = {
			isa = PBXSourcesBuildPhase;
			buildActionMask = 2147483647;
			files = (
				698C4EA62A6547570062ED55 /* LocationSearchViewModel.swift in Sources */,
				698C4EA22A6523950062ED55 /* LocationSearchView.swift in Sources */,
				698C4E972A6507480062ED55 /* LocationManager.swift in Sources */,
				698C4EAB2A6698C80062ED55 /* RideRequestView.swift in Sources */,
				698C4EAF2A67EF760062ED55 /* Double.swift in Sources */,
				698C4EA82A66845C0062ED55 /* MapViewState.swift in Sources */,
				698C4EA02A6521D30062ED55 /* MapViewActionButton.swift in Sources */,
				698C4E7C2A64FE5E0062ED55 /* UberCloneApp.swift in Sources */,
				698C4EB32A68E8130062ED55 /* Color.swift in Sources */,
				698C4E952A64FFB80062ED55 /* UberMapViewRepresentable.swift in Sources */,
				698C4E932A64FF580062ED55 /* HomeView.swift in Sources */,
				698C4EB12A680BE10062ED55 /* UberLocation.swift in Sources */,
				698C4E9D2A651CF90062ED55 /* LocationSearchActivationView.swift in Sources */,
				698C4EA42A6528180062ED55 /* LocationSearchResultCell.swift in Sources */,
				698C4EAD2A6791D30062ED55 /* RideType.swift in Sources */,
			);
			runOnlyForDeploymentPostprocessing = 0;
		};
/* End PBXSourcesBuildPhase section */

/* Begin XCBuildConfiguration section */
		698C4E842A64FE5F0062ED55 /* Debug */ = {
			isa = XCBuildConfiguration;
			buildSettings = {
				ALWAYS_SEARCH_USER_PATHS = NO;
				CLANG_ANALYZER_NONNULL = YES;
				CLANG_ANALYZER_NUMBER_OBJECT_CONVERSION = YES_AGGRESSIVE;
				CLANG_CXX_LANGUAGE_STANDARD = "gnu++20";
				CLANG_ENABLE_MODULES = YES;
				CLANG_ENABLE_OBJC_ARC = YES;
				CLANG_ENABLE_OBJC_WEAK = YES;
				CLANG_WARN_BLOCK_CAPTURE_AUTORELEASING = YES;
				CLANG_WARN_BOOL_CONVERSION = YES;
				CLANG_WARN_COMMA = YES;
				CLANG_WARN_CONSTANT_CONVERSION = YES;
				CLANG_WARN_DEPRECATED_OBJC_IMPLEMENTATIONS = YES;
				CLANG_WARN_DIRECT_OBJC_ISA_USAGE = YES_ERROR;
				CLANG_WARN_DOCUMENTATION_COMMENTS = YES;
				CLANG_WARN_EMPTY_BODY = YES;
				CLANG_WARN_ENUM_CONVERSION = YES;
				CLANG_WARN_INFINITE_RECURSION = YES;
				CLANG_WARN_INT_CONVERSION = YES;
				CLANG_WARN_NON_LITERAL_NULL_CONVERSION = YES;
				CLANG_WARN_OBJC_IMPLICIT_RETAIN_SELF = YES;
				CLANG_WARN_OBJC_LITERAL_CONVERSION = YES;
				CLANG_WARN_OBJC_ROOT_CLASS = YES_ERROR;
				CLANG_WARN_QUOTED_INCLUDE_IN_FRAMEWORK_HEADER = YES;
				CLANG_WARN_RANGE_LOOP_ANALYSIS = YES;
				CLANG_WARN_STRICT_PROTOTYPES = YES;
				CLANG_WARN_SUSPICIOUS_MOVE = YES;
				CLANG_WARN_UNGUARDED_AVAILABILITY = YES_AGGRESSIVE;
				CLANG_WARN_UNREACHABLE_CODE = YES;
				CLANG_WARN__DUPLICATE_METHOD_MATCH = YES;
				COPY_PHASE_STRIP = NO;
				DEBUG_INFORMATION_FORMAT = dwarf;
				ENABLE_STRICT_OBJC_MSGSEND = YES;
				ENABLE_TESTABILITY = YES;
				GCC_C_LANGUAGE_STANDARD = gnu11;
				GCC_DYNAMIC_NO_PIC = NO;
				GCC_NO_COMMON_BLOCKS = YES;
				GCC_OPTIMIZATION_LEVEL = 0;
				GCC_PREPROCESSOR_DEFINITIONS = (
					"DEBUG=1",
					"$(inherited)",
				);
				GCC_WARN_64_TO_32_BIT_CONVERSION = YES;
				GCC_WARN_ABOUT_RETURN_TYPE = YES_ERROR;
				GCC_WARN_UNDECLARED_SELECTOR = YES;
				GCC_WARN_UNINITIALIZED_AUTOS = YES_AGGRESSIVE;
				GCC_WARN_UNUSED_FUNCTION = YES;
				GCC_WARN_UNUSED_VARIABLE = YES;
				IPHONEOS_DEPLOYMENT_TARGET = 16.2;
				MTL_ENABLE_DEBUG_INFO = INCLUDE_SOURCE;
				MTL_FAST_MATH = YES;
				ONLY_ACTIVE_ARCH = YES;
				SDKROOT = iphoneos;
				SWIFT_ACTIVE_COMPILATION_CONDITIONS = DEBUG;
				SWIFT_OPTIMIZATION_LEVEL = "-Onone";
			};
			name = Debug;
		};
		698C4E852A64FE5F0062ED55 /* Release */ = {
			isa = XCBuildConfiguration;
			buildSettings = {
				ALWAYS_SEARCH_USER_PATHS = NO;
				CLANG_ANALYZER_NONNULL = YES;
				CLANG_ANALYZER_NUMBER_OBJECT_CONVERSION = YES_AGGRESSIVE;
				CLANG_CXX_LANGUAGE_STANDARD = "gnu++20";
				CLANG_ENABLE_MODULES = YES;
				CLANG_ENABLE_OBJC_ARC = YES;
				CLANG_ENABLE_OBJC_WEAK = YES;
				CLANG_WARN_BLOCK_CAPTURE_AUTORELEASING = YES;
				CLANG_WARN_BOOL_CONVERSION = YES;
				CLANG_WARN_COMMA = YES;
				CLANG_WARN_CONSTANT_CONVERSION = YES;
				CLANG_WARN_DEPRECATED_OBJC_IMPLEMENTATIONS = YES;
				CLANG_WARN_DIRECT_OBJC_ISA_USAGE = YES_ERROR;
				CLANG_WARN_DOCUMENTATION_COMMENTS = YES;
				CLANG_WARN_EMPTY_BODY = YES;
				CLANG_WARN_ENUM_CONVERSION = YES;
				CLANG_WARN_INFINITE_RECURSION = YES;
				CLANG_WARN_INT_CONVERSION = YES;
				CLANG_WARN_NON_LITERAL_NULL_CONVERSION = YES;
				CLANG_WARN_OBJC_IMPLICIT_RETAIN_SELF = YES;
				CLANG_WARN_OBJC_LITERAL_CONVERSION = YES;
				CLANG_WARN_OBJC_ROOT_CLASS = YES_ERROR;
				CLANG_WARN_QUOTED_INCLUDE_IN_FRAMEWORK_HEADER = YES;
				CLANG_WARN_RANGE_LOOP_ANALYSIS = YES;
				CLANG_WARN_STRICT_PROTOTYPES = YES;
				CLANG_WARN_SUSPICIOUS_MOVE = YES;
				CLANG_WARN_UNGUARDED_AVAILABILITY = YES_AGGRESSIVE;
				CLANG_WARN_UNREACHABLE_CODE = YES;
				CLANG_WARN__DUPLICATE_METHOD_MATCH = YES;
				COPY_PHASE_STRIP = NO;
				DEBUG_INFORMATION_FORMAT = "dwarf-with-dsym";
				ENABLE_NS_ASSERTIONS = NO;
				ENABLE_STRICT_OBJC_MSGSEND = YES;
				GCC_C_LANGUAGE_STANDARD = gnu11;
				GCC_NO_COMMON_BLOCKS = YES;
				GCC_WARN_64_TO_32_BIT_CONVERSION = YES;
				GCC_WARN_ABOUT_RETURN_TYPE = YES_ERROR;
				GCC_WARN_UNDECLARED_SELECTOR = YES;
				GCC_WARN_UNINITIALIZED_AUTOS = YES_AGGRESSIVE;
				GCC_WARN_UNUSED_FUNCTION = YES;
				GCC_WARN_UNUSED_VARIABLE = YES;
				IPHONEOS_DEPLOYMENT_TARGET = 16.2;
				MTL_ENABLE_DEBUG_INFO = NO;
				MTL_FAST_MATH = YES;
				SDKROOT = iphoneos;
				SWIFT_COMPILATION_MODE = wholemodule;
				SWIFT_OPTIMIZATION_LEVEL = "-O";
				VALIDATE_PRODUCT = YES;
			};
			name = Release;
		};
		698C4E872A64FE5F0062ED55 /* Debug */ = {
			isa = XCBuildConfiguration;
			buildSettings = {
				ASSETCATALOG_COMPILER_APPICON_NAME = AppIcon;
				ASSETCATALOG_COMPILER_GLOBAL_ACCENT_COLOR_NAME = AccentColor;
				CODE_SIGN_STYLE = Automatic;
				CURRENT_PROJECT_VERSION = 1;
				DEVELOPMENT_ASSET_PATHS = "\"UberClone/Preview Content\"";
				ENABLE_PREVIEWS = YES;
				GENERATE_INFOPLIST_FILE = YES;
				INFOPLIST_KEY_NSLocationWhenInUseUsageDescription = "Please allow us to access your location to find you nearby driver or rider";
				INFOPLIST_KEY_UIApplicationSceneManifest_Generation = YES;
				INFOPLIST_KEY_UIApplicationSupportsIndirectInputEvents = YES;
				INFOPLIST_KEY_UILaunchScreen_Generation = YES;
				INFOPLIST_KEY_UISupportedInterfaceOrientations_iPad = "UIInterfaceOrientationPortrait UIInterfaceOrientationPortraitUpsideDown UIInterfaceOrientationLandscapeLeft UIInterfaceOrientationLandscapeRight";
				INFOPLIST_KEY_UISupportedInterfaceOrientations_iPhone = "UIInterfaceOrientationPortrait UIInterfaceOrientationLandscapeLeft UIInterfaceOrientationLandscapeRight";
				LD_RUNPATH_SEARCH_PATHS = (
					"$(inherited)",
					"@executable_path/Frameworks",
				);
				MARKETING_VERSION = 1.0;
				PRODUCT_BUNDLE_IDENTIFIER = "-.UberClone";
				PRODUCT_NAME = "$(TARGET_NAME)";
				SWIFT_EMIT_LOC_STRINGS = YES;
				SWIFT_VERSION = 5.0;
				TARGETED_DEVICE_FAMILY = "1,2";
			};
			name = Debug;
		};
		698C4E882A64FE5F0062ED55 /* Release */ = {
			isa = XCBuildConfiguration;
			buildSettings = {
				ASSETCATALOG_COMPILER_APPICON_NAME = AppIcon;
				ASSETCATALOG_COMPILER_GLOBAL_ACCENT_COLOR_NAME = AccentColor;
				CODE_SIGN_STYLE = Automatic;
				CURRENT_PROJECT_VERSION = 1;
				DEVELOPMENT_ASSET_PATHS = "\"UberClone/Preview Content\"";
				ENABLE_PREVIEWS = YES;
				GENERATE_INFOPLIST_FILE = YES;
				INFOPLIST_KEY_NSLocationWhenInUseUsageDescription = "Please allow us to access your location to find you nearby driver or rider";
				INFOPLIST_KEY_UIApplicationSceneManifest_Generation = YES;
				INFOPLIST_KEY_UIApplicationSupportsIndirectInputEvents = YES;
				INFOPLIST_KEY_UILaunchScreen_Generation = YES;
				INFOPLIST_KEY_UISupportedInterfaceOrientations_iPad = "UIInterfaceOrientationPortrait UIInterfaceOrientationPortraitUpsideDown UIInterfaceOrientationLandscapeLeft UIInterfaceOrientationLandscapeRight";
				INFOPLIST_KEY_UISupportedInterfaceOrientations_iPhone = "UIInterfaceOrientationPortrait UIInterfaceOrientationLandscapeLeft UIInterfaceOrientationLandscapeRight";
				LD_RUNPATH_SEARCH_PATHS = (
					"$(inherited)",
					"@executable_path/Frameworks",
				);
				MARKETING_VERSION = 1.0;
				PRODUCT_BUNDLE_IDENTIFIER = "-.UberClone";
				PRODUCT_NAME = "$(TARGET_NAME)";
				SWIFT_EMIT_LOC_STRINGS = YES;
				SWIFT_VERSION = 5.0;
				TARGETED_DEVICE_FAMILY = "1,2";
			};
			name = Release;
		};
/* End XCBuildConfiguration section */

/* Begin XCConfigurationList section */
		698C4E732A64FE5E0062ED55 /* Build configuration list for PBXProject "UberClone" */ = {
			isa = XCConfigurationList;
			buildConfigurations = (
				698C4E842A64FE5F0062ED55 /* Debug */,
				698C4E852A64FE5F0062ED55 /* Release */,
			);
			defaultConfigurationIsVisible = 0;
			defaultConfigurationName = Release;
		};
		698C4E862A64FE5F0062ED55 /* Build configuration list for PBXNativeTarget "UberClone" */ = {
			isa = XCConfigurationList;
			buildConfigurations = (
				698C4E872A64FE5F0062ED55 /* Debug */,
				698C4E882A64FE5F0062ED55 /* Release */,
			);
			defaultConfigurationIsVisible = 0;
			defaultConfigurationName = Release;
		};
/* End XCConfigurationList section */
	};
	rootObject = 698C4E702A64FE5E0062ED55 /* Project object */;
}
